{
  "name": "Patient-Registration-app",
  "lockfileVersion": 3,
  "requires": true,
  "packages": {
    "": {
      "dependencies": {
        "@electric-sql/pglite": "^0.3.0"
      }
    },
    "node_modules/@electric-sql/pglite": {
      "version": "0.3.0",
      "resolved": "https://registry.npmjs.org/@electric-sql/pglite/-/pglite-0.3.0.tgz",
      "integrity": "sha512-ou1PA24kStSNpQVGdzDg1FGRzO7AQ3O6OX5FryupMdHkSfSswG2ZVXjCzzJKK88KLk+Q4QinKjZIUtmMeec5rg==",
      "license": "Apache-2.0"
    }
  }
}
